
Microsoft Visual Studio Solution File, Format Version 12.00
# Visual Studio Version 16
VisualStudioVersion = 16.0.30907.101
MinimumVisualStudioVersion = 10.0.40219.1
Project("{9A19103F-16F7-4668-BE54-9A1E7A4F7556}") = "ConsumerService", "ConsumerService.csproj", "{8257BCE5-C7A8-4AFF-B264-7633F7C30DA8}"
EndProject
Project("{FAE04EC0-301F-11D3-BF4B-00C04F79EFBC}") = "CustomerService.Core", "..\CustomerService.Core\CustomerService.Core.csproj", "{9172BF49-0505-4B94-856F-3AC525C00C0E}"
EndProject
Global
	GlobalSection(SolutionConfigurationPlatforms) = preSolution
		Debug|Any CPU = Debug|Any CPU
		Release|Any CPU = Release|Any CPU
	EndGlobalSection
	GlobalSection(ProjectConfigurationPlatforms) = postSolution
		{8257BCE5-C7A8-4AFF-B264-7633F7C30DA8}.Debug|Any CPU.ActiveCfg = Debug|Any CPU
		{8257BCE5-C7A8-4AFF-B264-7633F7C30DA8}.Debug|Any CPU.Build.0 = Debug|Any CPU
		{8257BCE5-C7A8-4AFF-B264-7633F7C30DA8}.Release|Any CPU.ActiveCfg = Release|Any CPU
		{8257BCE5-C7A8-4AFF-B264-7633F7C30DA8}.Release|Any CPU.Build.0 = Release|Any CPU
		{9172BF49-0505-4B94-856F-3AC525C00C0E}.Debug|Any CPU.ActiveCfg = Debug|Any CPU
		{9172BF49-0505-4B94-856F-3AC525C00C0E}.Debug|Any CPU.Build.0 = Debug|Any CPU
		{9172BF49-0505-4B94-856F-3AC525C00C0E}.Release|Any CPU.ActiveCfg = Release|Any CPU
		{9172BF49-0505-4B94-856F-3AC525C00C0E}.Release|Any CPU.Build.0 = Release|Any CPU
	EndGlobalSection
	GlobalSection(SolutionProperties) = preSolution
		HideSolutionNode = FALSE
	EndGlobalSection
	GlobalSection(ExtensibilityGlobals) = postSolution
		SolutionGuid = {61DC6E6D-0811-487D-BFBE-FA432F9B84D6}
	EndGlobalSection
EndGlobal
